
Microsoft Visual Studio Solution File, Format Version 12.00
# Visual Studio Version 17
VisualStudioVersion = 17.3.32922.545
MinimumVisualStudioVersion = 10.0.40219.1
Project("{9A19103F-16F7-4668-BE54-9A1E7A4F7556}") = "RSS-Cargo", "RSS-Cargo\RSS-Cargo.csproj", "{7DC69A4B-261A-41A3-A897-BF0B647A017E}"
EndProject
Project("{FAE04EC0-301F-11D3-BF4B-00C04F79EFBC}") = "Test", "Test\Test.csproj", "{5E102FCD-3898-46B8-92EA-D559E5125F29}"
EndProject
Global
	GlobalSection(SolutionConfigurationPlatforms) = preSolution
		Debug|Any CPU = Debug|Any CPU
		Release|Any CPU = Release|Any CPU
	EndGlobalSection
	GlobalSection(ProjectConfigurationPlatforms) = postSolution
		{7DC69A4B-261A-41A3-A897-BF0B647A017E}.Debug|Any CPU.ActiveCfg = Debug|Any CPU
		{7DC69A4B-261A-41A3-A897-BF0B647A017E}.Debug|Any CPU.Build.0 = Debug|Any CPU
		{7DC69A4B-261A-41A3-A897-BF0B647A017E}.Release|Any CPU.ActiveCfg = Release|Any CPU
		{7DC69A4B-261A-41A3-A897-BF0B647A017E}.Release|Any CPU.Build.0 = Release|Any CPU
		{5E102FCD-3898-46B8-92EA-D559E5125F29}.Debug|Any CPU.ActiveCfg = Debug|Any CPU
		{5E102FCD-3898-46B8-92EA-D559E5125F29}.Debug|Any CPU.Build.0 = Debug|Any CPU
		{5E102FCD-3898-46B8-92EA-D559E5125F29}.Release|Any CPU.ActiveCfg = Release|Any CPU
		{5E102FCD-3898-46B8-92EA-D559E5125F29}.Release|Any CPU.Build.0 = Release|Any CPU
	EndGlobalSection
	GlobalSection(SolutionProperties) = preSolution
		HideSolutionNode = FALSE
	EndGlobalSection
	GlobalSection(ExtensibilityGlobals) = postSolution
		SolutionGuid = {CE2C0167-4897-4383-87B3-4E7B98DF4E7C}
	EndGlobalSection
EndGlobal
